{
  "name": "eyengeol-site",
  "version": "1.0.0",
  "lockfileVersion": 3,
  "requires": true,
  "packages": {
    "": {
      "name": "eyengeol-site",
      "version": "1.0.0",
      "devDependencies": {
        "uglify-js": "^3.19.3"
      }
    },
    "node_modules/uglify-js": {
      "version": "3.19.3",
      "resolved": "https://registry.npmjs.org/uglify-js/-/uglify-js-3.19.3.tgz",
      "integrity": "sha512-vipPU1Lrlrxxm4jLY+Z7A8uGkDvAohP9Ig7go3rK5vUw0j+Ms7vN0fE6z0QU/AHX5z44VDn7lD+6A9Q7ewvQxw==",
      "bin": {
        "uglifyjs": "bin/uglifyjs"
      },
      "engines": {
        "node": ">=0.8.0"
      }
    }
  }
}
